{
  "nodes": {
    "alejandra": {
      "inputs": {
        "fenix": "fenix",
        "flakeCompat": "flakeCompat",
        "nixpkgs": [
          "nixpkgs"
        ]
      },
      "locked": {
        "lastModified": 1744324181,
        "narHash": "sha256-Oi1n2ncF4/AWeY6X55o2FddIRICokbciqFYK64XorYk=",
        "owner": "kamadorueda",
        "repo": "alejandra",
        "rev": "3e2a85506627062313e131bf8a85315f3387c8e0",
        "type": "github"
      },
      "original": {
        "owner": "kamadorueda",
        "ref": "4.0.0",
        "repo": "alejandra",
        "type": "github"
      }
    },
    "darwin": {
      "inputs": {
        "nixpkgs": [
          "nixpkgs"
        ]
      },
      "locked": {
        "lastModified": 1751313918,
        "narHash": "sha256-HsJM3XLa43WpG+665aGEh8iS8AfEwOIQWk3Mke3e7nk=",
        "owner": "lnl7",
        "repo": "nix-darwin",
        "rev": "e04a388232d9a6ba56967ce5b53a8a6f713cdfcf",
        "type": "github"
      },
      "original": {
        "owner": "lnl7",
        "repo": "nix-darwin",
        "type": "github"
      }
    },
    "fenix": {
      "inputs": {
        "nixpkgs": [
          "alejandra",
          "nixpkgs"
        ],
        "rust-analyzer-src": "rust-analyzer-src"
      },
      "locked": {
        "lastModified": 1730615655,
        "narHash": "sha256-2HBR3zLn57LXKNRtxBb+O+uDqHM4n0pz51rPayMl4cg=",
        "owner": "nix-community",
        "repo": "fenix",
        "rev": "efeb50e2535b17ffd4a135e6e3e5fd60a525180c",
        "type": "github"
      },
      "original": {
        "owner": "nix-community",
        "repo": "fenix",
        "type": "github"
      }
    },
    "flakeCompat": {
      "flake": false,
      "locked": {
        "lastModified": 1696426674,
        "narHash": "sha256-kvjfFW7WAETZlt09AgDn1MrtKzP7t90Vf7vypd3OL1U=",
        "owner": "edolstra",
        "repo": "flake-compat",
        "rev": "0f9255e01c2351cc7d116c072cb317785dd33b33",
        "type": "github"
      },
      "original": {
        "owner": "edolstra",
        "repo": "flake-compat",
        "type": "github"
      }
    },
    "home-manager": {
      "inputs": {
        "nixpkgs": [
          "nixpkgs"
        ]
      },
      "locked": {
        "lastModified": 1751513147,
        "narHash": "sha256-idSXM3Y0KNf/WDDqGfthiOSQMwZYwis1JZhTkdWrr6A=",
        "owner": "nix-community",
        "repo": "home-manager",
        "rev": "426b405d979d893832549b95f23c13537c65d244",
        "type": "github"
      },
      "original": {
        "owner": "nix-community",
        "repo": "home-manager",
        "type": "github"
      }
    },
    "nixpkgs": {
      "locked": {
        "lastModified": 1751271578,
        "narHash": "sha256-P/SQmKDu06x8yv7i0s8bvnnuJYkxVGBWLWHaU+tt4YY=",
        "owner": "nixos",
        "repo": "nixpkgs",
        "rev": "3016b4b15d13f3089db8a41ef937b13a9e33a8df",
        "type": "github"
      },
      "original": {
        "owner": "nixos",
        "ref": "nixos-unstable",
        "repo": "nixpkgs",
        "type": "github"
      }
    },
    "nixpkgs-master": {
      "locked": {
        "lastModified": 1751513144,
        "narHash": "sha256-X9+beKVPPhgMLgAQryi2FU4g6Fm/JoLzebdfRVtCS4A=",
        "owner": "nixos",
        "repo": "nixpkgs",
        "rev": "d77716d3de4475820eff6915cca831bb39e4d980",
        "type": "github"
      },
      "original": {
        "owner": "nixos",
        "ref": "master",
        "repo": "nixpkgs",
        "type": "github"
      }
    },
    "pico8-bin": {
      "inputs": {
        "nixpkgs": [
          "nixpkgs"
        ]
      },
      "locked": {
        "lastModified": 1739737157,
        "narHash": "sha256-isWMw7RtHp9s4QTpVmU6mfPwC7ts2VCialgSnLHteyk=",
        "ref": "main",
        "rev": "f93f3b154ff740d55b2dbb2d8656ed0df58c51a5",
        "revCount": 5,
        "type": "git",
        "url": "ssh://git@github.com/shakesbeare/pico8-bin"
      },
      "original": {
        "ref": "main",
        "type": "git",
        "url": "ssh://git@github.com/shakesbeare/pico8-bin"
      }
    },
    "root": {
      "inputs": {
        "alejandra": "alejandra",
        "darwin": "darwin",
        "home-manager": "home-manager",
        "nixpkgs": "nixpkgs",
        "nixpkgs-master": "nixpkgs-master",
        "pico8-bin": "pico8-bin",
        "shake": "shake",
        "shake-fonts": "shake-fonts"
      }
    },
    "rust-analyzer-src": {
      "flake": false,
      "locked": {
        "lastModified": 1730555913,
        "narHash": "sha256-KNHZUlqsEibg3YtfUyOFQSofP8hp1HKoY+laoesBxRM=",
        "owner": "rust-lang",
        "repo": "rust-analyzer",
        "rev": "f17a5bbfd0969ba2e63a74505a80e55ecb174ed9",
        "type": "github"
      },
      "original": {
        "owner": "rust-lang",
        "ref": "nightly",
        "repo": "rust-analyzer",
        "type": "github"
      }
    },
    "shake": {
      "inputs": {
        "nixpkgs": [
          "nixpkgs"
        ]
      },
      "locked": {
        "lastModified": 1726089310,
        "narHash": "sha256-6LiyMvz2A8MjNmKe9PhjhDn7p/+QEaudv+B23plfJsw=",
        "owner": "shakesbeare",
        "repo": "shake",
        "rev": "65d996d54787b9da6957fb2e65c66add1e34226c",
        "type": "github"
      },
      "original": {
        "owner": "shakesbeare",
        "repo": "shake",
        "type": "github"
      }
    },
    "shake-fonts": {
      "inputs": {
        "nixpkgs": [
          "nixpkgs"
        ]
      },
      "locked": {
        "lastModified": 1734665136,
        "narHash": "sha256-1WZjKt9ZmL+PbVZbrd/4YB4CuePTy7O1dap7rDenZL4=",
        "ref": "main",
        "rev": "119adb48959163d0dabedba1ab68b4505578e940",
        "revCount": 4,
        "type": "git",
        "url": "ssh://git@github.com/shakesbeare/fonts"
      },
      "original": {
        "ref": "main",
        "type": "git",
        "url": "ssh://git@github.com/shakesbeare/fonts"
      }
    }
  },
  "root": "root",
  "version": 7
}
